// !$*UTF8*$!
{
	archiveVersion = 1;
	classes = {
	};
	objectVersion = 54;
	objects = {

/* Begin PBXBuildFile section */
		0E4BFFDB2EE7061000D718BF /* AdformAdvertising.xcframework in Frameworks */ = {isa = PBXBuildFile; fileRef = 0E4BFFDA2EE7061000D718BF /* AdformAdvertising.xcframework */; };
		D525BCF42E9E5A840029EAF7 /* GADTTemplateView.m in Sources */ = {isa = PBXBuildFile; fileRef = D525BCF02E9E5A840029EAF7 /* GADTTemplateView.m */; };
		D525BCF52E9E5A840029EAF7 /* NativeAdViewController.swift in Sources */ = {isa = PBXBuildFile; fileRef = D525BCF22E9E5A840029EAF7 /* NativeAdViewController.swift */; };
		D525BCF62E9E5A840029EAF7 /* GADTSmallTemplateView.m in Sources */ = {isa = PBXBuildFile; fileRef = D525BCED2E9E5A840029EAF7 /* GADTSmallTemplateView.m */; };
		D525BCF72E9E5A840029EAF7 /* GADTSmallTemplateView.xib in Resources */ = {isa = PBXBuildFile; fileRef = D525BCEE2E9E5A840029EAF7 /* GADTSmallTemplateView.xib */; };
		D525BCFA2E9E5C2F0029EAF7 /* GoogleMobileAds in Frameworks */ = {isa = PBXBuildFile; productRef = D525BCF92E9E5C2F0029EAF7 /* GoogleMobileAds */; };
		D525BD122E9F9AAC0029EAF7 /* InlineAddView.swift in Sources */ = {isa = PBXBuildFile; fileRef = D525BD112E9F9AAC0029EAF7 /* InlineAddView.swift */; };
		D525BD142E9F9B010029EAF7 /* InterstitialAddView.swift in Sources */ = {isa = PBXBuildFile; fileRef = D525BD132E9F9B010029EAF7 /* InterstitialAddView.swift */; };
		D525BD162E9F9B360029EAF7 /* AddsPageController.swift in Sources */ = {isa = PBXBuildFile; fileRef = D525BD152E9F9B360029EAF7 /* AddsPageController.swift */; };
		D525BD182E9F9B530029EAF7 /* AddOverlayScreen.swift in Sources */ = {isa = PBXBuildFile; fileRef = D525BD172E9F9B530029EAF7 /* AddOverlayScreen.swift */; };
		D525BD1A2E9F9B750029EAF7 /* PreloadOverlayAddView.swift in Sources */ = {isa = PBXBuildFile; fileRef = D525BD192E9F9B750029EAF7 /* PreloadOverlayAddView.swift */; };
		D525BD1C2E9F9B990029EAF7 /* AddListView.swift in Sources */ = {isa = PBXBuildFile; fileRef = D525BD1B2E9F9B990029EAF7 /* AddListView.swift */; };
		D525BD1E2E9F9BAD0029EAF7 /* AFPlayerControllerView.swift in Sources */ = {isa = PBXBuildFile; fileRef = D525BD1D2E9F9BAD0029EAF7 /* AFPlayerControllerView.swift */; };
		D525BD202E9F9C010029EAF7 /* GridAddsView.swift in Sources */ = {isa = PBXBuildFile; fileRef = D525BD1F2E9F9C010029EAF7 /* GridAddsView.swift */; };
		D525BD6E2E9F9CFE0029EAF7 /* SwiftUiInlineAddController.swift in Sources */ = {isa = PBXBuildFile; fileRef = D525BD6D2E9F9CFE0029EAF7 /* SwiftUiInlineAddController.swift */; };
		D525BD702E9FA09B0029EAF7 /* SwiftUiOverlayAddController.swift in Sources */ = {isa = PBXBuildFile; fileRef = D525BD6F2E9FA09B0029EAF7 /* SwiftUiOverlayAddController.swift */; };
		D525BD722E9FA1610029EAF7 /* SwiftuiGridAddController.swift in Sources */ = {isa = PBXBuildFile; fileRef = D525BD712E9FA1610029EAF7 /* SwiftuiGridAddController.swift */; };
		D525BD742E9FA6140029EAF7 /* SwiftUiPageAddController.swift in Sources */ = {isa = PBXBuildFile; fileRef = D525BD732E9FA6140029EAF7 /* SwiftUiPageAddController.swift */; };
		D525BD762E9FA6730029EAF7 /* SwiftUiListAddsController.swift in Sources */ = {isa = PBXBuildFile; fileRef = D525BD752E9FA6730029EAF7 /* SwiftUiListAddsController.swift */; };
		D525BD782E9FA67E0029EAF7 /* SwiftUiPlayerAddsController.swift in Sources */ = {isa = PBXBuildFile; fileRef = D525BD772E9FA67E0029EAF7 /* SwiftUiPlayerAddsController.swift */; };
		D558CC122844B8F3003A984A /* InstreamViewController.swift in Sources */ = {isa = PBXBuildFile; fileRef = D558CC112844B8F3003A984A /* InstreamViewController.swift */; };
		D558CC142844C474003A984A /* VideoAddsViewController.swift in Sources */ = {isa = PBXBuildFile; fileRef = D558CC132844C474003A984A /* VideoAddsViewController.swift */; };
		D81AC20525E7D43F003BEFC6 /* AppDelegate.swift in Sources */ = {isa = PBXBuildFile; fileRef = D81AC20425E7D43F003BEFC6 /* AppDelegate.swift */; };
		D81AC20925E7D43F003BEFC6 /* PlacementsViewController.swift in Sources */ = {isa = PBXBuildFile; fileRef = D81AC20825E7D43F003BEFC6 /* PlacementsViewController.swift */; };
		D81AC20E25E7D443003BEFC6 /* Assets.xcassets in Resources */ = {isa = PBXBuildFile; fileRef = D81AC20D25E7D443003BEFC6 /* Assets.xcassets */; };
		D81AC21125E7D443003BEFC6 /* LaunchScreen.storyboard in Resources */ = {isa = PBXBuildFile; fileRef = D81AC20F25E7D443003BEFC6 /* LaunchScreen.storyboard */; };
		D81AC21C25E7D443003BEFC6 /* sampleTests.swift in Sources */ = {isa = PBXBuildFile; fileRef = D81AC21B25E7D443003BEFC6 /* sampleTests.swift */; };
		D81AC22725E7D443003BEFC6 /* sampleUITests.swift in Sources */ = {isa = PBXBuildFile; fileRef = D81AC22625E7D443003BEFC6 /* sampleUITests.swift */; };
		D81AC25825E7D83B003BEFC6 /* Main.storyboard in Resources */ = {isa = PBXBuildFile; fileRef = D81AC25725E7D83B003BEFC6 /* Main.storyboard */; };
		D81AC27025E7DB35003BEFC6 /* AdInlineViewController.swift in Sources */ = {isa = PBXBuildFile; fileRef = D81AC26F25E7DB35003BEFC6 /* AdInlineViewController.swift */; };
		D81AC27825E7DE57003BEFC6 /* AdInlineTableViewController.swift in Sources */ = {isa = PBXBuildFile; fileRef = D81AC27725E7DE57003BEFC6 /* AdInlineTableViewController.swift */; };
		D81AC27D25E8D8A0003BEFC6 /* AdInlineResponsiveViewController.swift in Sources */ = {isa = PBXBuildFile; fileRef = D81AC27C25E8D8A0003BEFC6 /* AdInlineResponsiveViewController.swift */; };
		D81AC28225E8E385003BEFC6 /* AdOverlayViewController.swift in Sources */ = {isa = PBXBuildFile; fileRef = D81AC28125E8E385003BEFC6 /* AdOverlayViewController.swift */; };
		D81AC28725E8E4C4003BEFC6 /* AdOverlayPreloadViewController.swift in Sources */ = {isa = PBXBuildFile; fileRef = D81AC28625E8E4C4003BEFC6 /* AdOverlayPreloadViewController.swift */; };
		D81AC28C25E8EAEF003BEFC6 /* AdhesionViewController.swift in Sources */ = {isa = PBXBuildFile; fileRef = D81AC28B25E8EAEF003BEFC6 /* AdhesionViewController.swift */; };
		D81AC29125E8F363003BEFC6 /* CollectionPagerViewController.swift in Sources */ = {isa = PBXBuildFile; fileRef = D81AC29025E8F363003BEFC6 /* CollectionPagerViewController.swift */; };
		D81AC29725E91388003BEFC6 /* AFPageViewControllerMediator.swift in Sources */ = {isa = PBXBuildFile; fileRef = D81AC29625E91388003BEFC6 /* AFPageViewControllerMediator.swift */; };
		D81AC29C25E91616003BEFC6 /* AFCollectionViewMediator.swift in Sources */ = {isa = PBXBuildFile; fileRef = D81AC29B25E91615003BEFC6 /* AFCollectionViewMediator.swift */; };
		D81AC2A125E92707003BEFC6 /* AFCollectionViewMediatorDelegate.swift in Sources */ = {isa = PBXBuildFile; fileRef = D81AC2A025E92707003BEFC6 /* AFCollectionViewMediatorDelegate.swift */; };
		D81AC2A625E9286C003BEFC6 /* AFAdCollectionViewCell.swift in Sources */ = {isa = PBXBuildFile; fileRef = D81AC2A525E9286C003BEFC6 /* AFAdCollectionViewCell.swift */; };
		D81AC2AB25E92A80003BEFC6 /* AFAdViewController.swift in Sources */ = {isa = PBXBuildFile; fileRef = D81AC2AA25E92A80003BEFC6 /* AFAdViewController.swift */; };
		D84599F02631945A00061DFC /* RootViewController.swift in Sources */ = {isa = PBXBuildFile; fileRef = D84599EF2631945A00061DFC /* RootViewController.swift */; };
		D84599F8263198AD00061DFC /* DataViewController.swift in Sources */ = {isa = PBXBuildFile; fileRef = D84599F7263198AD00061DFC /* DataViewController.swift */; };
		D84599FD2631996D00061DFC /* DataSource.swift in Sources */ = {isa = PBXBuildFile; fileRef = D84599FC2631996D00061DFC /* DataSource.swift */; };
/* End PBXBuildFile section */

/* Begin PBXContainerItemProxy section */
		D81AC21825E7D443003BEFC6 /* PBXContainerItemProxy */ = {
			isa = PBXContainerItemProxy;
			containerPortal = D81AC1F925E7D43F003BEFC6 /* Project object */;
			proxyType = 1;
			remoteGlobalIDString = D81AC20025E7D43F003BEFC6;
			remoteInfo = sample;
		};
		D81AC22325E7D443003BEFC6 /* PBXContainerItemProxy */ = {
			isa = PBXContainerItemProxy;
			containerPortal = D81AC1F925E7D43F003BEFC6 /* Project object */;
			proxyType = 1;
			remoteGlobalIDString = D81AC20025E7D43F003BEFC6;
			remoteInfo = sample;
		};
/* End PBXContainerItemProxy section */

/* Begin PBXFileReference section */
		0E4BFFDA2EE7061000D718BF /* AdformAdvertising.xcframework */ = {isa = PBXFileReference; lastKnownFileType = wrapper.xcframework; path = AdformAdvertising.xcframework; sourceTree = "<group>"; };
		D525BCEC2E9E5A840029EAF7 /* GADTSmallTemplateView.h */ = {isa = PBXFileReference; lastKnownFileType = sourcecode.c.h; path = GADTSmallTemplateView.h; sourceTree = "<group>"; };
		D525BCED2E9E5A840029EAF7 /* GADTSmallTemplateView.m */ = {isa = PBXFileReference; lastKnownFileType = sourcecode.c.objc; path = GADTSmallTemplateView.m; sourceTree = "<group>"; };
		D525BCEE2E9E5A840029EAF7 /* GADTSmallTemplateView.xib */ = {isa = PBXFileReference; lastKnownFileType = file.xib; path = GADTSmallTemplateView.xib; sourceTree = "<group>"; };
		D525BCEF2E9E5A840029EAF7 /* GADTTemplateView.h */ = {isa = PBXFileReference; lastKnownFileType = sourcecode.c.h; path = GADTTemplateView.h; sourceTree = "<group>"; };
		D525BCF02E9E5A840029EAF7 /* GADTTemplateView.m */ = {isa = PBXFileReference; lastKnownFileType = sourcecode.c.objc; path = GADTTemplateView.m; sourceTree = "<group>"; };
		D525BCF22E9E5A840029EAF7 /* NativeAdViewController.swift */ = {isa = PBXFileReference; lastKnownFileType = sourcecode.swift; path = NativeAdViewController.swift; sourceTree = "<group>"; };
		D525BCFD2E9E61860029EAF7 /* sample-Bridging-Header.h */ = {isa = PBXFileReference; lastKnownFileType = sourcecode.c.h; path = "sample-Bridging-Header.h"; sourceTree = "<group>"; };
		D525BD112E9F9AAC0029EAF7 /* InlineAddView.swift */ = {isa = PBXFileReference; lastKnownFileType = sourcecode.swift; path = InlineAddView.swift; sourceTree = "<group>"; };
		D525BD132E9F9B010029EAF7 /* InterstitialAddView.swift */ = {isa = PBXFileReference; lastKnownFileType = sourcecode.swift; path = InterstitialAddView.swift; sourceTree = "<group>"; };
		D525BD152E9F9B360029EAF7 /* AddsPageController.swift */ = {isa = PBXFileReference; lastKnownFileType = sourcecode.swift; path = AddsPageController.swift; sourceTree = "<group>"; };
		D525BD172E9F9B530029EAF7 /* AddOverlayScreen.swift */ = {isa = PBXFileReference; lastKnownFileType = sourcecode.swift; path = AddOverlayScreen.swift; sourceTree = "<group>"; };
		D525BD192E9F9B750029EAF7 /* PreloadOverlayAddView.swift */ = {isa = PBXFileReference; lastKnownFileType = sourcecode.swift; path = PreloadOverlayAddView.swift; sourceTree = "<group>"; };
		D525BD1B2E9F9B990029EAF7 /* AddListView.swift */ = {isa = PBXFileReference; lastKnownFileType = sourcecode.swift; path = AddListView.swift; sourceTree = "<group>"; };
		D525BD1D2E9F9BAD0029EAF7 /* AFPlayerControllerView.swift */ = {isa = PBXFileReference; lastKnownFileType = sourcecode.swift; path = AFPlayerControllerView.swift; sourceTree = "<group>"; };
		D525BD1F2E9F9C010029EAF7 /* GridAddsView.swift */ = {isa = PBXFileReference; lastKnownFileType = sourcecode.swift; path = GridAddsView.swift; sourceTree = "<group>"; };
		D525BD6D2E9F9CFE0029EAF7 /* SwiftUiInlineAddController.swift */ = {isa = PBXFileReference; lastKnownFileType = sourcecode.swift; path = SwiftUiInlineAddController.swift; sourceTree = "<group>"; };
		D525BD6F2E9FA09B0029EAF7 /* SwiftUiOverlayAddController.swift */ = {isa = PBXFileReference; lastKnownFileType = sourcecode.swift; path = SwiftUiOverlayAddController.swift; sourceTree = "<group>"; };
		D525BD712E9FA1610029EAF7 /* SwiftuiGridAddController.swift */ = {isa = PBXFileReference; lastKnownFileType = sourcecode.swift; path = SwiftuiGridAddController.swift; sourceTree = "<group>"; };
		D525BD732E9FA6140029EAF7 /* SwiftUiPageAddController.swift */ = {isa = PBXFileReference; lastKnownFileType = sourcecode.swift; path = SwiftUiPageAddController.swift; sourceTree = "<group>"; };
		D525BD752E9FA6730029EAF7 /* SwiftUiListAddsController.swift */ = {isa = PBXFileReference; lastKnownFileType = sourcecode.swift; path = SwiftUiListAddsController.swift; sourceTree = "<group>"; };
		D525BD772E9FA67E0029EAF7 /* SwiftUiPlayerAddsController.swift */ = {isa = PBXFileReference; lastKnownFileType = sourcecode.swift; path = SwiftUiPlayerAddsController.swift; sourceTree = "<group>"; };
		D558CC112844B8F3003A984A /* InstreamViewController.swift */ = {isa = PBXFileReference; lastKnownFileType = sourcecode.swift; path = InstreamViewController.swift; sourceTree = "<group>"; };
		D558CC132844C474003A984A /* VideoAddsViewController.swift */ = {isa = PBXFileReference; lastKnownFileType = sourcecode.swift; path = VideoAddsViewController.swift; sourceTree = "<group>"; };
		D81AC20125E7D43F003BEFC6 /* sample.app */ = {isa = PBXFileReference; explicitFileType = wrapper.application; includeInIndex = 0; path = sample.app; sourceTree = BUILT_PRODUCTS_DIR; };
		D81AC20425E7D43F003BEFC6 /* AppDelegate.swift */ = {isa = PBXFileReference; lastKnownFileType = sourcecode.swift; path = AppDelegate.swift; sourceTree = "<group>"; };
		D81AC20825E7D43F003BEFC6 /* PlacementsViewController.swift */ = {isa = PBXFileReference; lastKnownFileType = sourcecode.swift; path = PlacementsViewController.swift; sourceTree = "<group>"; };
		D81AC20D25E7D443003BEFC6 /* Assets.xcassets */ = {isa = PBXFileReference; lastKnownFileType = folder.assetcatalog; path = Assets.xcassets; sourceTree = "<group>"; };
		D81AC21025E7D443003BEFC6 /* Base */ = {isa = PBXFileReference; lastKnownFileType = file.storyboard; name = Base; path = Base.lproj/LaunchScreen.storyboard; sourceTree = "<group>"; };
		D81AC21225E7D443003BEFC6 /* Info.plist */ = {isa = PBXFileReference; lastKnownFileType = text.plist.xml; path = Info.plist; sourceTree = "<group>"; };
		D81AC21725E7D443003BEFC6 /* sampleTests.xctest */ = {isa = PBXFileReference; explicitFileType = wrapper.cfbundle; includeInIndex = 0; path = sampleTests.xctest; sourceTree = BUILT_PRODUCTS_DIR; };
		D81AC21B25E7D443003BEFC6 /* sampleTests.swift */ = {isa = PBXFileReference; lastKnownFileType = sourcecode.swift; path = sampleTests.swift; sourceTree = "<group>"; };
		D81AC21D25E7D443003BEFC6 /* Info.plist */ = {isa = PBXFileReference; lastKnownFileType = text.plist.xml; path = Info.plist; sourceTree = "<group>"; };
		D81AC22225E7D443003BEFC6 /* sampleUITests.xctest */ = {isa = PBXFileReference; explicitFileType = wrapper.cfbundle; includeInIndex = 0; path = sampleUITests.xctest; sourceTree = BUILT_PRODUCTS_DIR; };
		D81AC22625E7D443003BEFC6 /* sampleUITests.swift */ = {isa = PBXFileReference; lastKnownFileType = sourcecode.swift; path = sampleUITests.swift; sourceTree = "<group>"; };
		D81AC22825E7D443003BEFC6 /* Info.plist */ = {isa = PBXFileReference; lastKnownFileType = text.plist.xml; path = Info.plist; sourceTree = "<group>"; };
		D81AC25725E7D83B003BEFC6 /* Main.storyboard */ = {isa = PBXFileReference; fileEncoding = 4; lastKnownFileType = file.storyboard; path = Main.storyboard; sourceTree = "<group>"; };
		D81AC26F25E7DB35003BEFC6 /* AdInlineViewController.swift */ = {isa = PBXFileReference; lastKnownFileType = sourcecode.swift; path = AdInlineViewController.swift; sourceTree = "<group>"; };
		D81AC27725E7DE57003BEFC6 /* AdInlineTableViewController.swift */ = {isa = PBXFileReference; lastKnownFileType = sourcecode.swift; path = AdInlineTableViewController.swift; sourceTree = "<group>"; };
		D81AC27C25E8D8A0003BEFC6 /* AdInlineResponsiveViewController.swift */ = {isa = PBXFileReference; lastKnownFileType = sourcecode.swift; path = AdInlineResponsiveViewController.swift; sourceTree = "<group>"; };
		D81AC28125E8E385003BEFC6 /* AdOverlayViewController.swift */ = {isa = PBXFileReference; lastKnownFileType = sourcecode.swift; path = AdOverlayViewController.swift; sourceTree = "<group>"; };
		D81AC28625E8E4C4003BEFC6 /* AdOverlayPreloadViewController.swift */ = {isa = PBXFileReference; lastKnownFileType = sourcecode.swift; path = AdOverlayPreloadViewController.swift; sourceTree = "<group>"; };
		D81AC28B25E8EAEF003BEFC6 /* AdhesionViewController.swift */ = {isa = PBXFileReference; lastKnownFileType = sourcecode.swift; path = AdhesionViewController.swift; sourceTree = "<group>"; };
		D81AC29025E8F363003BEFC6 /* CollectionPagerViewController.swift */ = {isa = PBXFileReference; lastKnownFileType = sourcecode.swift; path = CollectionPagerViewController.swift; sourceTree = "<group>"; };
		D81AC29625E91388003BEFC6 /* AFPageViewControllerMediator.swift */ = {isa = PBXFileReference; lastKnownFileType = sourcecode.swift; path = AFPageViewControllerMediator.swift; sourceTree = "<group>"; };
		D81AC29B25E91615003BEFC6 /* AFCollectionViewMediator.swift */ = {isa = PBXFileReference; lastKnownFileType = sourcecode.swift; path = AFCollectionViewMediator.swift; sourceTree = "<group>"; };
		D81AC2A025E92707003BEFC6 /* AFCollectionViewMediatorDelegate.swift */ = {isa = PBXFileReference; lastKnownFileType = sourcecode.swift; path = AFCollectionViewMediatorDelegate.swift; sourceTree = "<group>"; };
		D81AC2A525E9286C003BEFC6 /* AFAdCollectionViewCell.swift */ = {isa = PBXFileReference; lastKnownFileType = sourcecode.swift; path = AFAdCollectionViewCell.swift; sourceTree = "<group>"; };
		D81AC2AA25E92A80003BEFC6 /* AFAdViewController.swift */ = {isa = PBXFileReference; lastKnownFileType = sourcecode.swift; path = AFAdViewController.swift; sourceTree = "<group>"; };
		D84599EF2631945A00061DFC /* RootViewController.swift */ = {isa = PBXFileReference; lastKnownFileType = sourcecode.swift; path = RootViewController.swift; sourceTree = "<group>"; };
		D84599F7263198AD00061DFC /* DataViewController.swift */ = {isa = PBXFileReference; lastKnownFileType = sourcecode.swift; path = DataViewController.swift; sourceTree = "<group>"; };
		D84599FC2631996D00061DFC /* DataSource.swift */ = {isa = PBXFileReference; lastKnownFileType = sourcecode.swift; path = DataSource.swift; sourceTree = "<group>"; };
/* End PBXFileReference section */

/* Begin PBXFrameworksBuildPhase section */
		D81AC1FE25E7D43F003BEFC6 /* Frameworks */ = {
			isa = PBXFrameworksBuildPhase;
			buildActionMask = 2147483647;
			files = (
				D525BCFA2E9E5C2F0029EAF7 /* GoogleMobileAds in Frameworks */,
				0E4BFFDB2EE7061000D718BF /* AdformAdvertising.xcframework in Frameworks */,
			);
			runOnlyForDeploymentPostprocessing = 0;
		};
		D81AC21425E7D443003BEFC6 /* Frameworks */ = {
			isa = PBXFrameworksBuildPhase;
			buildActionMask = 2147483647;
			files = (
			);
			runOnlyForDeploymentPostprocessing = 0;
		};
		D81AC21F25E7D443003BEFC6 /* Frameworks */ = {
			isa = PBXFrameworksBuildPhase;
			buildActionMask = 2147483647;
			files = (
			);
			runOnlyForDeploymentPostprocessing = 0;
		};
/* End PBXFrameworksBuildPhase section */

/* Begin PBXGroup section */
		D525BCF12E9E5A840029EAF7 /* NativeAdTemplate */ = {
			isa = PBXGroup;
			children = (
				D525BCEC2E9E5A840029EAF7 /* GADTSmallTemplateView.h */,
				D525BCED2E9E5A840029EAF7 /* GADTSmallTemplateView.m */,
				D525BCEE2E9E5A840029EAF7 /* GADTSmallTemplateView.xib */,
				D525BCEF2E9E5A840029EAF7 /* GADTTemplateView.h */,
				D525BCF02E9E5A840029EAF7 /* GADTTemplateView.m */,
			);
			path = NativeAdTemplate;
			sourceTree = "<group>";
		};
		D525BCF32E9E5A840029EAF7 /* NativeAd */ = {
			isa = PBXGroup;
			children = (
				D525BCF12E9E5A840029EAF7 /* NativeAdTemplate */,
				D525BCF22E9E5A840029EAF7 /* NativeAdViewController.swift */,
			);
			path = NativeAd;
			sourceTree = "<group>";
		};
		D525BD0C2E9F95A60029EAF7 /* SwiftUi Examples */ = {
			isa = PBXGroup;
			children = (
				D525BD6C2E9F9C9F0029EAF7 /* Controllers */,
				D525BD0D2E9F9A790029EAF7 /* Views */,
			);
			path = "SwiftUi Examples";
			sourceTree = "<group>";
		};
		D525BD0D2E9F9A790029EAF7 /* Views */ = {
			isa = PBXGroup;
			children = (
				D525BD112E9F9AAC0029EAF7 /* InlineAddView.swift */,
				D525BD132E9F9B010029EAF7 /* InterstitialAddView.swift */,
				D525BD152E9F9B360029EAF7 /* AddsPageController.swift */,
				D525BD172E9F9B530029EAF7 /* AddOverlayScreen.swift */,
				D525BD192E9F9B750029EAF7 /* PreloadOverlayAddView.swift */,
				D525BD1B2E9F9B990029EAF7 /* AddListView.swift */,
				D525BD1D2E9F9BAD0029EAF7 /* AFPlayerControllerView.swift */,
				D525BD1F2E9F9C010029EAF7 /* GridAddsView.swift */,
			);
			path = Views;
			sourceTree = "<group>";
		};
		D525BD6C2E9F9C9F0029EAF7 /* Controllers */ = {
			isa = PBXGroup;
			children = (
				D525BD6D2E9F9CFE0029EAF7 /* SwiftUiInlineAddController.swift */,
				D525BD6F2E9FA09B0029EAF7 /* SwiftUiOverlayAddController.swift */,
				D525BD712E9FA1610029EAF7 /* SwiftuiGridAddController.swift */,
				D525BD732E9FA6140029EAF7 /* SwiftUiPageAddController.swift */,
				D525BD752E9FA6730029EAF7 /* SwiftUiListAddsController.swift */,
				D525BD772E9FA67E0029EAF7 /* SwiftUiPlayerAddsController.swift */,
			);
			path = Controllers;
			sourceTree = "<group>";
		};
		D81AC1F825E7D43F003BEFC6 = {
			isa = PBXGroup;
			children = (
				D81AC20325E7D43F003BEFC6 /* sample */,
				D81AC21A25E7D443003BEFC6 /* sampleTests */,
				D81AC22525E7D443003BEFC6 /* sampleUITests */,
				D81AC20225E7D43F003BEFC6 /* Products */,
			);
			sourceTree = "<group>";
		};
		D81AC20225E7D43F003BEFC6 /* Products */ = {
			isa = PBXGroup;
			children = (
				D81AC20125E7D43F003BEFC6 /* sample.app */,
				D81AC21725E7D443003BEFC6 /* sampleTests.xctest */,
				D81AC22225E7D443003BEFC6 /* sampleUITests.xctest */,
			);
			name = Products;
			sourceTree = "<group>";
		};
		D81AC20325E7D43F003BEFC6 /* sample */ = {
			isa = PBXGroup;
			children = (
				D81AC29525E91370003BEFC6 /* Helpers */,
				D81AC20425E7D43F003BEFC6 /* AppDelegate.swift */,
				D81AC20825E7D43F003BEFC6 /* PlacementsViewController.swift */,
				D525BD0C2E9F95A60029EAF7 /* SwiftUi Examples */,
				D81AC26E25E7DB19003BEFC6 /* Placements */,
				D81AC20D25E7D443003BEFC6 /* Assets.xcassets */,
				D81AC25725E7D83B003BEFC6 /* Main.storyboard */,
				D81AC20F25E7D443003BEFC6 /* LaunchScreen.storyboard */,
				D81AC21225E7D443003BEFC6 /* Info.plist */,
				0E4BFFDA2EE7061000D718BF /* AdformAdvertising.xcframework */,
				D525BCFD2E9E61860029EAF7 /* sample-Bridging-Header.h */,
			);
			path = sample;
			sourceTree = "<group>";
		};
		D81AC21A25E7D443003BEFC6 /* sampleTests */ = {
			isa = PBXGroup;
			children = (
				D81AC21B25E7D443003BEFC6 /* sampleTests.swift */,
				D81AC21D25E7D443003BEFC6 /* Info.plist */,
			);
			path = sampleTests;
			sourceTree = "<group>";
		};
		D81AC22525E7D443003BEFC6 /* sampleUITests */ = {
			isa = PBXGroup;
			children = (
				D81AC22625E7D443003BEFC6 /* sampleUITests.swift */,
				D81AC22825E7D443003BEFC6 /* Info.plist */,
			);
			path = sampleUITests;
			sourceTree = "<group>";
		};
		D81AC26E25E7DB19003BEFC6 /* Placements */ = {
			isa = PBXGroup;
			children = (
				D525BCF32E9E5A840029EAF7 /* NativeAd */,
				D84599EE2631943F00061DFC /* Page view controller */,
				D81AC26F25E7DB35003BEFC6 /* AdInlineViewController.swift */,
				D81AC27725E7DE57003BEFC6 /* AdInlineTableViewController.swift */,
				D81AC27C25E8D8A0003BEFC6 /* AdInlineResponsiveViewController.swift */,
				D81AC28125E8E385003BEFC6 /* AdOverlayViewController.swift */,
				D81AC28625E8E4C4003BEFC6 /* AdOverlayPreloadViewController.swift */,
				D81AC28B25E8EAEF003BEFC6 /* AdhesionViewController.swift */,
				D81AC29025E8F363003BEFC6 /* CollectionPagerViewController.swift */,
				D558CC112844B8F3003A984A /* InstreamViewController.swift */,
				D558CC132844C474003A984A /* VideoAddsViewController.swift */,
			);
			path = Placements;
			sourceTree = "<group>";
		};
		D81AC29525E91370003BEFC6 /* Helpers */ = {
			isa = PBXGroup;
			children = (
				D81AC29625E91388003BEFC6 /* AFPageViewControllerMediator.swift */,
				D81AC29B25E91615003BEFC6 /* AFCollectionViewMediator.swift */,
				D81AC2A025E92707003BEFC6 /* AFCollectionViewMediatorDelegate.swift */,
				D81AC2A525E9286C003BEFC6 /* AFAdCollectionViewCell.swift */,
				D81AC2AA25E92A80003BEFC6 /* AFAdViewController.swift */,
			);
			path = Helpers;
			sourceTree = "<group>";
		};
		D84599EE2631943F00061DFC /* Page view controller */ = {
			isa = PBXGroup;
			children = (
				D84599EF2631945A00061DFC /* RootViewController.swift */,
				D84599F7263198AD00061DFC /* DataViewController.swift */,
				D84599FC2631996D00061DFC /* DataSource.swift */,
			);
			path = "Page view controller";
			sourceTree = "<group>";
		};
/* End PBXGroup section */

/* Begin PBXNativeTarget section */
		D81AC20025E7D43F003BEFC6 /* sample */ = {
			isa = PBXNativeTarget;
			buildConfigurationList = D81AC22B25E7D443003BEFC6 /* Build configuration list for PBXNativeTarget "sample" */;
			buildPhases = (
				D81AC1FD25E7D43F003BEFC6 /* Sources */,
				D81AC1FE25E7D43F003BEFC6 /* Frameworks */,
				D81AC1FF25E7D43F003BEFC6 /* Resources */,
			);
			buildRules = (
			);
			dependencies = (
			);
			name = sample;
			packageProductDependencies = (
				D525BCF92E9E5C2F0029EAF7 /* GoogleMobileAds */,
			);
			productName = sample;
			productReference = D81AC20125E7D43F003BEFC6 /* sample.app */;
			productType = "com.apple.product-type.application";
		};
		D81AC21625E7D443003BEFC6 /* sampleTests */ = {
			isa = PBXNativeTarget;
			buildConfigurationList = D81AC22E25E7D443003BEFC6 /* Build configuration list for PBXNativeTarget "sampleTests" */;
			buildPhases = (
				D81AC21325E7D443003BEFC6 /* Sources */,
				D81AC21425E7D443003BEFC6 /* Frameworks */,
				D81AC21525E7D443003BEFC6 /* Resources */,
			);
			buildRules = (
			);
			dependencies = (
				D81AC21925E7D443003BEFC6 /* PBXTargetDependency */,
			);
			name = sampleTests;
			productName = sampleTests;
			productReference = D81AC21725E7D443003BEFC6 /* sampleTests.xctest */;
			productType = "com.apple.product-type.bundle.unit-test";
		};
		D81AC22125E7D443003BEFC6 /* sampleUITests */ = {
			isa = PBXNativeTarget;
			buildConfigurationList = D81AC23125E7D443003BEFC6 /* Build configuration list for PBXNativeTarget "sampleUITests" */;
			buildPhases = (
				D81AC21E25E7D443003BEFC6 /* Sources */,
				D81AC21F25E7D443003BEFC6 /* Frameworks */,
				D81AC22025E7D443003BEFC6 /* Resources */,
			);
			buildRules = (
			);
			dependencies = (
				D81AC22425E7D443003BEFC6 /* PBXTargetDependency */,
			);
			name = sampleUITests;
			productName = sampleUITests;
			productReference = D81AC22225E7D443003BEFC6 /* sampleUITests.xctest */;
			productType = "com.apple.product-type.bundle.ui-testing";
		};
/* End PBXNativeTarget section */

/* Begin PBXProject section */
		D81AC1F925E7D43F003BEFC6 /* Project object */ = {
			isa = PBXProject;
			attributes = {
				LastSwiftUpdateCheck = 1240;
				LastUpgradeCheck = 1240;
				TargetAttributes = {
					D81AC20025E7D43F003BEFC6 = {
						CreatedOnToolsVersion = 12.4;
					};
					D81AC21625E7D443003BEFC6 = {
						CreatedOnToolsVersion = 12.4;
						TestTargetID = D81AC20025E7D43F003BEFC6;
					};
					D81AC22125E7D443003BEFC6 = {
						CreatedOnToolsVersion = 12.4;
						TestTargetID = D81AC20025E7D43F003BEFC6;
					};
				};
			};
			buildConfigurationList = D81AC1FC25E7D43F003BEFC6 /* Build configuration list for PBXProject "sample" */;
			compatibilityVersion = "Xcode 9.3";
			developmentRegion = en;
			hasScannedForEncodings = 0;
			knownRegions = (
				en,
				Base,
			);
			mainGroup = D81AC1F825E7D43F003BEFC6;
			packageReferences = (
				D525BCF82E9E5C2F0029EAF7 /* XCRemoteSwiftPackageReference "swift-package-manager-google-mobile-ads" */,
			);
			productRefGroup = D81AC20225E7D43F003BEFC6 /* Products */;
			projectDirPath = "";
			projectRoot = "";
			targets = (
				D81AC20025E7D43F003BEFC6 /* sample */,
				D81AC21625E7D443003BEFC6 /* sampleTests */,
				D81AC22125E7D443003BEFC6 /* sampleUITests */,
			);
		};
/* End PBXProject section */

/* Begin PBXResourcesBuildPhase section */
		D81AC1FF25E7D43F003BEFC6 /* Resources */ = {
			isa = PBXResourcesBuildPhase;
			buildActionMask = 2147483647;
			files = (
				D81AC25825E7D83B003BEFC6 /* Main.storyboard in Resources */,
				D81AC21125E7D443003BEFC6 /* LaunchScreen.storyboard in Resources */,
				D525BCF72E9E5A840029EAF7 /* GADTSmallTemplateView.xib in Resources */,
				D81AC20E25E7D443003BEFC6 /* Assets.xcassets in Resources */,
			);
			runOnlyForDeploymentPostprocessing = 0;
		};
		D81AC21525E7D443003BEFC6 /* Resources */ = {
			isa = PBXResourcesBuildPhase;
			buildActionMask = 2147483647;
			files = (
			);
			runOnlyForDeploymentPostprocessing = 0;
		};
		D81AC22025E7D443003BEFC6 /* Resources */ = {
			isa = PBXResourcesBuildPhase;
			buildActionMask = 2147483647;
			files = (
			);
			runOnlyForDeploymentPostprocessing = 0;
		};
/* End PBXResourcesBuildPhase section */

/* Begin PBXSourcesBuildPhase section */
		D81AC1FD25E7D43F003BEFC6 /* Sources */ = {
			isa = PBXSourcesBuildPhase;
			buildActionMask = 2147483647;
			files = (
				D525BD782E9FA67E0029EAF7 /* SwiftUiPlayerAddsController.swift in Sources */,
				D81AC20925E7D43F003BEFC6 /* PlacementsViewController.swift in Sources */,
				D81AC28C25E8EAEF003BEFC6 /* AdhesionViewController.swift in Sources */,
				D525BD762E9FA6730029EAF7 /* SwiftUiListAddsController.swift in Sources */,
				D525BD702E9FA09B0029EAF7 /* SwiftUiOverlayAddController.swift in Sources */,
				D525BD1A2E9F9B750029EAF7 /* PreloadOverlayAddView.swift in Sources */,
				D81AC28725E8E4C4003BEFC6 /* AdOverlayPreloadViewController.swift in Sources */,
				D525BD722E9FA1610029EAF7 /* SwiftuiGridAddController.swift in Sources */,
				D525BD1E2E9F9BAD0029EAF7 /* AFPlayerControllerView.swift in Sources */,
				D81AC27825E7DE57003BEFC6 /* AdInlineTableViewController.swift in Sources */,
				D525BCF42E9E5A840029EAF7 /* GADTTemplateView.m in Sources */,
				D525BCF52E9E5A840029EAF7 /* NativeAdViewController.swift in Sources */,
				D525BCF62E9E5A840029EAF7 /* GADTSmallTemplateView.m in Sources */,
				D81AC28225E8E385003BEFC6 /* AdOverlayViewController.swift in Sources */,
				D84599F02631945A00061DFC /* RootViewController.swift in Sources */,
				D525BD6E2E9F9CFE0029EAF7 /* SwiftUiInlineAddController.swift in Sources */,
				D525BD742E9FA6140029EAF7 /* SwiftUiPageAddController.swift in Sources */,
				D81AC27D25E8D8A0003BEFC6 /* AdInlineResponsiveViewController.swift in Sources */,
				D525BD182E9F9B530029EAF7 /* AddOverlayScreen.swift in Sources */,
				D81AC2AB25E92A80003BEFC6 /* AFAdViewController.swift in Sources */,
				D84599FD2631996D00061DFC /* DataSource.swift in Sources */,
				D525BD142E9F9B010029EAF7 /* InterstitialAddView.swift in Sources */,
				D81AC20525E7D43F003BEFC6 /* AppDelegate.swift in Sources */,
				D81AC2A125E92707003BEFC6 /* AFCollectionViewMediatorDelegate.swift in Sources */,
				D525BD122E9F9AAC0029EAF7 /* InlineAddView.swift in Sources */,
				D81AC2A625E9286C003BEFC6 /* AFAdCollectionViewCell.swift in Sources */,
				D81AC29C25E91616003BEFC6 /* AFCollectionViewMediator.swift in Sources */,
				D525BD1C2E9F9B990029EAF7 /* AddListView.swift in Sources */,
				D84599F8263198AD00061DFC /* DataViewController.swift in Sources */,
				D81AC29125E8F363003BEFC6 /* CollectionPagerViewController.swift in Sources */,
				D558CC122844B8F3003A984A /* InstreamViewController.swift in Sources */,
				D525BD162E9F9B360029EAF7 /* AddsPageController.swift in Sources */,
				D81AC27025E7DB35003BEFC6 /* AdInlineViewController.swift in Sources */,
				D558CC142844C474003A984A /* VideoAddsViewController.swift in Sources */,
				D525BD202E9F9C010029EAF7 /* GridAddsView.swift in Sources */,
				D81AC29725E91388003BEFC6 /* AFPageViewControllerMediator.swift in Sources */,
			);
			runOnlyForDeploymentPostprocessing = 0;
		};
		D81AC21325E7D443003BEFC6 /* Sources */ = {
			isa = PBXSourcesBuildPhase;
			buildActionMask = 2147483647;
			files = (
				D81AC21C25E7D443003BEFC6 /* sampleTests.swift in Sources */,
			);
			runOnlyForDeploymentPostprocessing = 0;
		};
		D81AC21E25E7D443003BEFC6 /* Sources */ = {
			isa = PBXSourcesBuildPhase;
			buildActionMask = 2147483647;
			files = (
				D81AC22725E7D443003BEFC6 /* sampleUITests.swift in Sources */,
			);
			runOnlyForDeploymentPostprocessing = 0;
		};
/* End PBXSourcesBuildPhase section */

/* Begin PBXTargetDependency section */
		D81AC21925E7D443003BEFC6 /* PBXTargetDependency */ = {
			isa = PBXTargetDependency;
			target = D81AC20025E7D43F003BEFC6 /* sample */;
			targetProxy = D81AC21825E7D443003BEFC6 /* PBXContainerItemProxy */;
		};
		D81AC22425E7D443003BEFC6 /* PBXTargetDependency */ = {
			isa = PBXTargetDependency;
			target = D81AC20025E7D43F003BEFC6 /* sample */;
			targetProxy = D81AC22325E7D443003BEFC6 /* PBXContainerItemProxy */;
		};
/* End PBXTargetDependency section */

/* Begin PBXVariantGroup section */
		D81AC20F25E7D443003BEFC6 /* LaunchScreen.storyboard */ = {
			isa = PBXVariantGroup;
			children = (
				D81AC21025E7D443003BEFC6 /* Base */,
			);
			name = LaunchScreen.storyboard;
			sourceTree = "<group>";
		};
/* End PBXVariantGroup section */

/* Begin XCBuildConfiguration section */
		D81AC22925E7D443003BEFC6 /* Debug */ = {
			isa = XCBuildConfiguration;
			buildSettings = {
				ALWAYS_SEARCH_USER_PATHS = NO;
				CLANG_ANALYZER_NONNULL = YES;
				CLANG_ANALYZER_NUMBER_OBJECT_CONVERSION = YES_AGGRESSIVE;
				CLANG_CXX_LANGUAGE_STANDARD = "gnu++14";
				CLANG_CXX_LIBRARY = "libc++";
				CLANG_ENABLE_MODULES = YES;
				CLANG_ENABLE_OBJC_ARC = YES;
				CLANG_ENABLE_OBJC_WEAK = YES;
				CLANG_WARN_BLOCK_CAPTURE_AUTORELEASING = YES;
				CLANG_WARN_BOOL_CONVERSION = YES;
				CLANG_WARN_COMMA = YES;
				CLANG_WARN_CONSTANT_CONVERSION = YES;
				CLANG_WARN_DEPRECATED_OBJC_IMPLEMENTATIONS = YES;
				CLANG_WARN_DIRECT_OBJC_ISA_USAGE = YES_ERROR;
				CLANG_WARN_DOCUMENTATION_COMMENTS = YES;
				CLANG_WARN_EMPTY_BODY = YES;
				CLANG_WARN_ENUM_CONVERSION = YES;
				CLANG_WARN_INFINITE_RECURSION = YES;
				CLANG_WARN_INT_CONVERSION = YES;
				CLANG_WARN_NON_LITERAL_NULL_CONVERSION = YES;
				CLANG_WARN_OBJC_IMPLICIT_RETAIN_SELF = YES;
				CLANG_WARN_OBJC_LITERAL_CONVERSION = YES;
				CLANG_WARN_OBJC_ROOT_CLASS = YES_ERROR;
				CLANG_WARN_QUOTED_INCLUDE_IN_FRAMEWORK_HEADER = YES;
				CLANG_WARN_RANGE_LOOP_ANALYSIS = YES;
				CLANG_WARN_STRICT_PROTOTYPES = YES;
				CLANG_WARN_SUSPICIOUS_MOVE = YES;
				CLANG_WARN_UNGUARDED_AVAILABILITY = YES_AGGRESSIVE;
				CLANG_WARN_UNREACHABLE_CODE = YES;
				CLANG_WARN__DUPLICATE_METHOD_MATCH = YES;
				COPY_PHASE_STRIP = NO;
				DEBUG_INFORMATION_FORMAT = dwarf;
				ENABLE_STRICT_OBJC_MSGSEND = YES;
				ENABLE_TESTABILITY = YES;
				GCC_C_LANGUAGE_STANDARD = gnu11;
				GCC_DYNAMIC_NO_PIC = NO;
				GCC_NO_COMMON_BLOCKS = YES;
				GCC_OPTIMIZATION_LEVEL = 0;
				GCC_PREPROCESSOR_DEFINITIONS = (
					"DEBUG=1",
					"$(inherited)",
				);
				GCC_WARN_64_TO_32_BIT_CONVERSION = YES;
				GCC_WARN_ABOUT_RETURN_TYPE = YES_ERROR;
				GCC_WARN_UNDECLARED_SELECTOR = YES;
				GCC_WARN_UNINITIALIZED_AUTOS = YES_AGGRESSIVE;
				GCC_WARN_UNUSED_FUNCTION = YES;
				GCC_WARN_UNUSED_VARIABLE = YES;
				IPHONEOS_DEPLOYMENT_TARGET = 18.0;
				MTL_ENABLE_DEBUG_INFO = INCLUDE_SOURCE;
				MTL_FAST_MATH = YES;
				ONLY_ACTIVE_ARCH = YES;
				SDKROOT = iphoneos;
				SWIFT_ACTIVE_COMPILATION_CONDITIONS = DEBUG;
				SWIFT_OPTIMIZATION_LEVEL = "-Onone";
			};
			name = Debug;
		};
		D81AC22A25E7D443003BEFC6 /* Release */ = {
			isa = XCBuildConfiguration;
			buildSettings = {
				ALWAYS_SEARCH_USER_PATHS = NO;
				CLANG_ANALYZER_NONNULL = YES;
				CLANG_ANALYZER_NUMBER_OBJECT_CONVERSION = YES_AGGRESSIVE;
				CLANG_CXX_LANGUAGE_STANDARD = "gnu++14";
				CLANG_CXX_LIBRARY = "libc++";
				CLANG_ENABLE_MODULES = YES;
				CLANG_ENABLE_OBJC_ARC = YES;
				CLANG_ENABLE_OBJC_WEAK = YES;
				CLANG_WARN_BLOCK_CAPTURE_AUTORELEASING = YES;
				CLANG_WARN_BOOL_CONVERSION = YES;
				CLANG_WARN_COMMA = YES;
				CLANG_WARN_CONSTANT_CONVERSION = YES;
				CLANG_WARN_DEPRECATED_OBJC_IMPLEMENTATIONS = YES;
				CLANG_WARN_DIRECT_OBJC_ISA_USAGE = YES_ERROR;
				CLANG_WARN_DOCUMENTATION_COMMENTS = YES;
				CLANG_WARN_EMPTY_BODY = YES;
				CLANG_WARN_ENUM_CONVERSION = YES;
				CLANG_WARN_INFINITE_RECURSION = YES;
				CLANG_WARN_INT_CONVERSION = YES;
				CLANG_WARN_NON_LITERAL_NULL_CONVERSION = YES;
				CLANG_WARN_OBJC_IMPLICIT_RETAIN_SELF = YES;
				CLANG_WARN_OBJC_LITERAL_CONVERSION = YES;
				CLANG_WARN_OBJC_ROOT_CLASS = YES_ERROR;
				CLANG_WARN_QUOTED_INCLUDE_IN_FRAMEWORK_HEADER = YES;
				CLANG_WARN_RANGE_LOOP_ANALYSIS = YES;
				CLANG_WARN_STRICT_PROTOTYPES = YES;
				CLANG_WARN_SUSPICIOUS_MOVE = YES;
				CLANG_WARN_UNGUARDED_AVAILABILITY = YES_AGGRESSIVE;
				CLANG_WARN_UNREACHABLE_CODE = YES;
				CLANG_WARN__DUPLICATE_METHOD_MATCH = YES;
				COPY_PHASE_STRIP = NO;
				DEBUG_INFORMATION_FORMAT = "dwarf-with-dsym";
				ENABLE_NS_ASSERTIONS = NO;
				ENABLE_STRICT_OBJC_MSGSEND = YES;
				GCC_C_LANGUAGE_STANDARD = gnu11;
				GCC_NO_COMMON_BLOCKS = YES;
				GCC_WARN_64_TO_32_BIT_CONVERSION = YES;
				GCC_WARN_ABOUT_RETURN_TYPE = YES_ERROR;
				GCC_WARN_UNDECLARED_SELECTOR = YES;
				GCC_WARN_UNINITIALIZED_AUTOS = YES_AGGRESSIVE;
				GCC_WARN_UNUSED_FUNCTION = YES;
				GCC_WARN_UNUSED_VARIABLE = YES;
				IPHONEOS_DEPLOYMENT_TARGET = 18.0;
				MTL_ENABLE_DEBUG_INFO = NO;
				MTL_FAST_MATH = YES;
				SDKROOT = iphoneos;
				SWIFT_COMPILATION_MODE = wholemodule;
				SWIFT_OPTIMIZATION_LEVEL = "-O";
				VALIDATE_PRODUCT = YES;
			};
			name = Release;
		};
		D81AC22C25E7D443003BEFC6 /* Debug */ = {
			isa = XCBuildConfiguration;
			buildSettings = {
				ASSETCATALOG_COMPILER_APPICON_NAME = AppIcon;
				ASSETCATALOG_COMPILER_GLOBAL_ACCENT_COLOR_NAME = AccentColor;
				CODE_SIGN_STYLE = Automatic;
				DEVELOPMENT_TEAM = M5C25GL88K;
				FRAMEWORK_SEARCH_PATHS = (
					"$(inherited)",
					"$(PROJECT_DIR)/sample",
				);
				INFOPLIST_FILE = sample/Info.plist;
				IPHONEOS_DEPLOYMENT_TARGET = 18.0;
				LD_RUNPATH_SEARCH_PATHS = (
					"$(inherited)",
					"@executable_path/Frameworks",
				);
				MACOSX_DEPLOYMENT_TARGET = 15.0;
				PRODUCT_BUNDLE_IDENTIFIER = com.Adform.sample.asdfsadf;
				PRODUCT_NAME = "$(TARGET_NAME)";
				SWIFT_OBJC_BRIDGING_HEADER = "sample/sample-Bridging-Header.h";
				SWIFT_VERSION = 5.0;
				TARGETED_DEVICE_FAMILY = "1,2";
				TVOS_DEPLOYMENT_TARGET = 18.0;
			};
			name = Debug;
		};
		D81AC22D25E7D443003BEFC6 /* Release */ = {
			isa = XCBuildConfiguration;
			buildSettings = {
				ASSETCATALOG_COMPILER_APPICON_NAME = AppIcon;
				ASSETCATALOG_COMPILER_GLOBAL_ACCENT_COLOR_NAME = AccentColor;
				CODE_SIGN_STYLE = Automatic;
				DEVELOPMENT_TEAM = M5C25GL88K;
				FRAMEWORK_SEARCH_PATHS = (
					"$(inherited)",
					"$(PROJECT_DIR)/sample",
				);
				INFOPLIST_FILE = sample/Info.plist;
				IPHONEOS_DEPLOYMENT_TARGET = 18.0;
				LD_RUNPATH_SEARCH_PATHS = (
					"$(inherited)",
					"@executable_path/Frameworks",
				);
				MACOSX_DEPLOYMENT_TARGET = 15.0;
				PRODUCT_BUNDLE_IDENTIFIER = com.Adform.sample.asdfsadf;
				PRODUCT_NAME = "$(TARGET_NAME)";
				SWIFT_OBJC_BRIDGING_HEADER = "sample/sample-Bridging-Header.h";
				SWIFT_VERSION = 5.0;
				TARGETED_DEVICE_FAMILY = "1,2";
				TVOS_DEPLOYMENT_TARGET = 18.0;
			};
			name = Release;
		};
		D81AC22F25E7D443003BEFC6 /* Debug */ = {
			isa = XCBuildConfiguration;
			buildSettings = {
				ALWAYS_EMBED_SWIFT_STANDARD_LIBRARIES = YES;
				BUNDLE_LOADER = "$(TEST_HOST)";
				CODE_SIGN_STYLE = Automatic;
				DEVELOPMENT_TEAM = M5C25GL88K;
				INFOPLIST_FILE = sampleTests/Info.plist;
				IPHONEOS_DEPLOYMENT_TARGET = 14.4;
				LD_RUNPATH_SEARCH_PATHS = (
					"$(inherited)",
					"@executable_path/Frameworks",
					"@loader_path/Frameworks",
				);
				PRODUCT_BUNDLE_IDENTIFIER = com.Adform.sampleTests;
				PRODUCT_NAME = "$(TARGET_NAME)";
				SWIFT_VERSION = 5.0;
				TARGETED_DEVICE_FAMILY = "1,2";
				TEST_HOST = "$(BUILT_PRODUCTS_DIR)/sample.app/sample";
			};
			name = Debug;
		};
		D81AC23025E7D443003BEFC6 /* Release */ = {
			isa = XCBuildConfiguration;
			buildSettings = {
				ALWAYS_EMBED_SWIFT_STANDARD_LIBRARIES = YES;
				BUNDLE_LOADER = "$(TEST_HOST)";
				CODE_SIGN_STYLE = Automatic;
				DEVELOPMENT_TEAM = M5C25GL88K;
				INFOPLIST_FILE = sampleTests/Info.plist;
				IPHONEOS_DEPLOYMENT_TARGET = 14.4;
				LD_RUNPATH_SEARCH_PATHS = (
					"$(inherited)",
					"@executable_path/Frameworks",
					"@loader_path/Frameworks",
				);
				PRODUCT_BUNDLE_IDENTIFIER = com.Adform.sampleTests;
				PRODUCT_NAME = "$(TARGET_NAME)";
				SWIFT_VERSION = 5.0;
				TARGETED_DEVICE_FAMILY = "1,2";
				TEST_HOST = "$(BUILT_PRODUCTS_DIR)/sample.app/sample";
			};
			name = Release;
		};
		D81AC23225E7D443003BEFC6 /* Debug */ = {
			isa = XCBuildConfiguration;
			buildSettings = {
				ALWAYS_EMBED_SWIFT_STANDARD_LIBRARIES = YES;
				CODE_SIGN_STYLE = Automatic;
				DEVELOPMENT_TEAM = M5C25GL88K;
				INFOPLIST_FILE = sampleUITests/Info.plist;
				LD_RUNPATH_SEARCH_PATHS = (
					"$(inherited)",
					"@executable_path/Frameworks",
					"@loader_path/Frameworks",
				);
				PRODUCT_BUNDLE_IDENTIFIER = com.Adform.sampleUITests;
				PRODUCT_NAME = "$(TARGET_NAME)";
				SWIFT_VERSION = 5.0;
				TARGETED_DEVICE_FAMILY = "1,2";
				TEST_TARGET_NAME = sample;
			};
			name = Debug;
		};
		D81AC23325E7D443003BEFC6 /* Release */ = {
			isa = XCBuildConfiguration;
			buildSettings = {
				ALWAYS_EMBED_SWIFT_STANDARD_LIBRARIES = YES;
				CODE_SIGN_STYLE = Automatic;
				DEVELOPMENT_TEAM = M5C25GL88K;
				INFOPLIST_FILE = sampleUITests/Info.plist;
				LD_RUNPATH_SEARCH_PATHS = (
					"$(inherited)",
					"@executable_path/Frameworks",
					"@loader_path/Frameworks",
				);
				PRODUCT_BUNDLE_IDENTIFIER = com.Adform.sampleUITests;
				PRODUCT_NAME = "$(TARGET_NAME)";
				SWIFT_VERSION = 5.0;
				TARGETED_DEVICE_FAMILY = "1,2";
				TEST_TARGET_NAME = sample;
			};
			name = Release;
		};
/* End XCBuildConfiguration section */

/* Begin XCConfigurationList section */
		D81AC1FC25E7D43F003BEFC6 /* Build configuration list for PBXProject "sample" */ = {
			isa = XCConfigurationList;
			buildConfigurations = (
				D81AC22925E7D443003BEFC6 /* Debug */,
				D81AC22A25E7D443003BEFC6 /* Release */,
			);
			defaultConfigurationIsVisible = 0;
			defaultConfigurationName = Release;
		};
		D81AC22B25E7D443003BEFC6 /* Build configuration list for PBXNativeTarget "sample" */ = {
			isa = XCConfigurationList;
			buildConfigurations = (
				D81AC22C25E7D443003BEFC6 /* Debug */,
				D81AC22D25E7D443003BEFC6 /* Release */,
			);
			defaultConfigurationIsVisible = 0;
			defaultConfigurationName = Release;
		};
		D81AC22E25E7D443003BEFC6 /* Build configuration list for PBXNativeTarget "sampleTests" */ = {
			isa = XCConfigurationList;
			buildConfigurations = (
				D81AC22F25E7D443003BEFC6 /* Debug */,
				D81AC23025E7D443003BEFC6 /* Release */,
			);
			defaultConfigurationIsVisible = 0;
			defaultConfigurationName = Release;
		};
		D81AC23125E7D443003BEFC6 /* Build configuration list for PBXNativeTarget "sampleUITests" */ = {
			isa = XCConfigurationList;
			buildConfigurations = (
				D81AC23225E7D443003BEFC6 /* Debug */,
				D81AC23325E7D443003BEFC6 /* Release */,
			);
			defaultConfigurationIsVisible = 0;
			defaultConfigurationName = Release;
		};
/* End XCConfigurationList section */

/* Begin XCRemoteSwiftPackageReference section */
		D525BCF82E9E5C2F0029EAF7 /* XCRemoteSwiftPackageReference "swift-package-manager-google-mobile-ads" */ = {
			isa = XCRemoteSwiftPackageReference;
			repositoryURL = "https://github.com/googleads/swift-package-manager-google-mobile-ads.git";
			requirement = {
				kind = upToNextMajorVersion;
				minimumVersion = 12.12.0;
			};
		};
/* End XCRemoteSwiftPackageReference section */

/* Begin XCSwiftPackageProductDependency section */
		D525BCF92E9E5C2F0029EAF7 /* GoogleMobileAds */ = {
			isa = XCSwiftPackageProductDependency;
			package = D525BCF82E9E5C2F0029EAF7 /* XCRemoteSwiftPackageReference "swift-package-manager-google-mobile-ads" */;
			productName = GoogleMobileAds;
		};
/* End XCSwiftPackageProductDependency section */
	};
	rootObject = D81AC1F925E7D43F003BEFC6 /* Project object */;
}
